
Microsoft Visual Studio Solution File, Format Version 12.00
# Visual Studio Version 17
VisualStudioVersion = 17.5.33516.290
MinimumVisualStudioVersion = 10.0.40219.1
Project("{FAE04EC0-301F-11D3-BF4B-00C04F79EFBC}") = "ConsoleApp4", "ConsoleApp4\ConsoleApp4.csproj", "{FA50928E-CF05-4492-9504-E32C4EAB6549}"
EndProject
Global
	GlobalSection(SolutionConfigurationPlatforms) = preSolution
		Debug|Any CPU = Debug|Any CPU
		Release|Any CPU = Release|Any CPU
	EndGlobalSection
	GlobalSection(ProjectConfigurationPlatforms) = postSolution
		{FA50928E-CF05-4492-9504-E32C4EAB6549}.Debug|Any CPU.ActiveCfg = Debug|Any CPU
		{FA50928E-CF05-4492-9504-E32C4EAB6549}.Debug|Any CPU.Build.0 = Debug|Any CPU
		{FA50928E-CF05-4492-9504-E32C4EAB6549}.Release|Any CPU.ActiveCfg = Release|Any CPU
		{FA50928E-CF05-4492-9504-E32C4EAB6549}.Release|Any CPU.Build.0 = Release|Any CPU
	EndGlobalSection
	GlobalSection(SolutionProperties) = preSolution
		HideSolutionNode = FALSE
	EndGlobalSection
	GlobalSection(ExtensibilityGlobals) = postSolution
		SolutionGuid = {60BB3166-5CD0-4906-9EF4-EC9B1C651F13}
	EndGlobalSection
EndGlobal
